// !$*UTF8*$!
{
	archiveVersion = 1;
	classes = {
	};
	objectVersion = 77;
	objects = {

/* Begin PBXBuildFile section */
		8A5331602D8DAE3A0007C116 /* FirebaseAuth in Frameworks */ = {isa = PBXBuildFile; productRef = 8A53315F2D8DAE3A0007C116 /* FirebaseAuth */; };
		8A5331622D8DAE3A0007C116 /* FirebaseFirestore in Frameworks */ = {isa = PBXBuildFile; productRef = 8A5331612D8DAE3A0007C116 /* FirebaseFirestore */; };
		8A5331642D8DAE3A0007C116 /* FirebaseStorage in Frameworks */ = {isa = PBXBuildFile; productRef = 8A5331632D8DAE3A0007C116 /* FirebaseStorage */; };
		8A91B0932D8DA6F7009365F6 /* FirebaseAnalytics in Frameworks */ = {isa = PBXBuildFile; productRef = 8A91B0922D8DA6F7009365F6 /* FirebaseAnalytics */; };
/* End PBXBuildFile section */

/* Begin PBXContainerItemProxy section */
		8A4B04D92D8DA0000066AC43 /* PBXContainerItemProxy */ = {
			isa = PBXContainerItemProxy;
			containerPortal = 8A4B04BF2D8D9FFF0066AC43 /* Project object */;
			proxyType = 1;
			remoteGlobalIDString = 8A4B04C62D8D9FFF0066AC43;
			remoteInfo = CelebProfiles;
		};
		8A4B04E32D8DA0000066AC43 /* PBXContainerItemProxy */ = {
			isa = PBXContainerItemProxy;
			containerPortal = 8A4B04BF2D8D9FFF0066AC43 /* Project object */;
			proxyType = 1;
			remoteGlobalIDString = 8A4B04C62D8D9FFF0066AC43;
			remoteInfo = CelebProfiles;
		};
/* End PBXContainerItemProxy section */

/* Begin PBXFileReference section */
		8A4B04C72D8D9FFF0066AC43 /* CelebProfiles.app */ = {isa = PBXFileReference; explicitFileType = wrapper.application; includeInIndex = 0; path = CelebProfiles.app; sourceTree = BUILT_PRODUCTS_DIR; };
		8A4B04D82D8DA0000066AC43 /* CelebProfilesTests.xctest */ = {isa = PBXFileReference; explicitFileType = wrapper.cfbundle; includeInIndex = 0; path = CelebProfilesTests.xctest; sourceTree = BUILT_PRODUCTS_DIR; };
		8A4B04E22D8DA0000066AC43 /* CelebProfilesUITests.xctest */ = {isa = PBXFileReference; explicitFileType = wrapper.cfbundle; includeInIndex = 0; path = CelebProfilesUITests.xctest; sourceTree = BUILT_PRODUCTS_DIR; };
/* End PBXFileReference section */

/* Begin PBXFileSystemSynchronizedRootGroup section */
		8A4B04C92D8D9FFF0066AC43 /* CelebProfiles */ = {
			isa = PBXFileSystemSynchronizedRootGroup;
			path = CelebProfiles;
			sourceTree = "<group>";
		};
		8A4B04DB2D8DA0000066AC43 /* CelebProfilesTests */ = {
			isa = PBXFileSystemSynchronizedRootGroup;
			path = CelebProfilesTests;
			sourceTree = "<group>";
		};
		8A4B04E52D8DA0000066AC43 /* CelebProfilesUITests */ = {
			isa = PBXFileSystemSynchronizedRootGroup;
			path = CelebProfilesUITests;
			sourceTree = "<group>";
		};
/* End PBXFileSystemSynchronizedRootGroup section */

/* Begin PBXFrameworksBuildPhase section */
		8A4B04C42D8D9FFF0066AC43 /* Frameworks */ = {
			isa = PBXFrameworksBuildPhase;
			buildActionMask = 2147483647;
			files = (
				8A91B0932D8DA6F7009365F6 /* FirebaseAnalytics in Frameworks */,
				8A5331642D8DAE3A0007C116 /* FirebaseStorage in Frameworks */,
				8A5331602D8DAE3A0007C116 /* FirebaseAuth in Frameworks */,
				8A5331622D8DAE3A0007C116 /* FirebaseFirestore in Frameworks */,
			);
			runOnlyForDeploymentPostprocessing = 0;
		};
		8A4B04D52D8DA0000066AC43 /* Frameworks */ = {
			isa = PBXFrameworksBuildPhase;
			buildActionMask = 2147483647;
			files = (
			);
			runOnlyForDeploymentPostprocessing = 0;
		};
		8A4B04DF2D8DA0000066AC43 /* Frameworks */ = {
			isa = PBXFrameworksBuildPhase;
			buildActionMask = 2147483647;
			files = (
			);
			runOnlyForDeploymentPostprocessing = 0;
		};
/* End PBXFrameworksBuildPhase section */

/* Begin PBXGroup section */
		8A4B04BE2D8D9FFF0066AC43 = {
			isa = PBXGroup;
			children = (
				8A4B04C92D8D9FFF0066AC43 /* CelebProfiles */,
				8A4B04DB2D8DA0000066AC43 /* CelebProfilesTests */,
				8A4B04E52D8DA0000066AC43 /* CelebProfilesUITests */,
				8A4B04C82D8D9FFF0066AC43 /* Products */,
			);
			sourceTree = "<group>";
		};
		8A4B04C82D8D9FFF0066AC43 /* Products */ = {
			isa = PBXGroup;
			children = (
				8A4B04C72D8D9FFF0066AC43 /* CelebProfiles.app */,
				8A4B04D82D8DA0000066AC43 /* CelebProfilesTests.xctest */,
				8A4B04E22D8DA0000066AC43 /* CelebProfilesUITests.xctest */,
			);
			name = Products;
			sourceTree = "<group>";
		};
/* End PBXGroup section */

/* Begin PBXNativeTarget section */
		8A4B04C62D8D9FFF0066AC43 /* CelebProfiles */ = {
			isa = PBXNativeTarget;
			buildConfigurationList = 8A4B04EC2D8DA0000066AC43 /* Build configuration list for PBXNativeTarget "CelebProfiles" */;
			buildPhases = (
				8A4B04C32D8D9FFF0066AC43 /* Sources */,
				8A4B04C42D8D9FFF0066AC43 /* Frameworks */,
				8A4B04C52D8D9FFF0066AC43 /* Resources */,
			);
			buildRules = (
			);
			dependencies = (
			);
			fileSystemSynchronizedGroups = (
				8A4B04C92D8D9FFF0066AC43 /* CelebProfiles */,
			);
			name = CelebProfiles;
			packageProductDependencies = (
				8A91B0922D8DA6F7009365F6 /* FirebaseAnalytics */,
				8A53315F2D8DAE3A0007C116 /* FirebaseAuth */,
				8A5331612D8DAE3A0007C116 /* FirebaseFirestore */,
				8A5331632D8DAE3A0007C116 /* FirebaseStorage */,
			);
			productName = CelebProfiles;
			productReference = 8A4B04C72D8D9FFF0066AC43 /* CelebProfiles.app */;
			productType = "com.apple.product-type.application";
		};
		8A4B04D72D8DA0000066AC43 /* CelebProfilesTests */ = {
			isa = PBXNativeTarget;
			buildConfigurationList = 8A4B04EF2D8DA0000066AC43 /* Build configuration list for PBXNativeTarget "CelebProfilesTests" */;
			buildPhases = (
				8A4B04D42D8DA0000066AC43 /* Sources */,
				8A4B04D52D8DA0000066AC43 /* Frameworks */,
				8A4B04D62D8DA0000066AC43 /* Resources */,
			);
			buildRules = (
			);
			dependencies = (
				8A4B04DA2D8DA0000066AC43 /* PBXTargetDependency */,
			);
			fileSystemSynchronizedGroups = (
				8A4B04DB2D8DA0000066AC43 /* CelebProfilesTests */,
			);
			name = CelebProfilesTests;
			packageProductDependencies = (
			);
			productName = CelebProfilesTests;
			productReference = 8A4B04D82D8DA0000066AC43 /* CelebProfilesTests.xctest */;
			productType = "com.apple.product-type.bundle.unit-test";
		};
		8A4B04E12D8DA0000066AC43 /* CelebProfilesUITests */ = {
			isa = PBXNativeTarget;
			buildConfigurationList = 8A4B04F22D8DA0000066AC43 /* Build configuration list for PBXNativeTarget "CelebProfilesUITests" */;
			buildPhases = (
				8A4B04DE2D8DA0000066AC43 /* Sources */,
				8A4B04DF2D8DA0000066AC43 /* Frameworks */,
				8A4B04E02D8DA0000066AC43 /* Resources */,
			);
			buildRules = (
			);
			dependencies = (
				8A4B04E42D8DA0000066AC43 /* PBXTargetDependency */,
			);
			fileSystemSynchronizedGroups = (
				8A4B04E52D8DA0000066AC43 /* CelebProfilesUITests */,
			);
			name = CelebProfilesUITests;
			packageProductDependencies = (
			);
			productName = CelebProfilesUITests;
			productReference = 8A4B04E22D8DA0000066AC43 /* CelebProfilesUITests.xctest */;
			productType = "com.apple.product-type.bundle.ui-testing";
		};
/* End PBXNativeTarget section */

/* Begin PBXProject section */
		8A4B04BF2D8D9FFF0066AC43 /* Project object */ = {
			isa = PBXProject;
			attributes = {
				BuildIndependentTargetsInParallel = 1;
				LastSwiftUpdateCheck = 1620;
				LastUpgradeCheck = 1620;
				TargetAttributes = {
					8A4B04C62D8D9FFF0066AC43 = {
						CreatedOnToolsVersion = 16.2;
					};
					8A4B04D72D8DA0000066AC43 = {
						CreatedOnToolsVersion = 16.2;
						TestTargetID = 8A4B04C62D8D9FFF0066AC43;
					};
					8A4B04E12D8DA0000066AC43 = {
						CreatedOnToolsVersion = 16.2;
						TestTargetID = 8A4B04C62D8D9FFF0066AC43;
					};
				};
			};
			buildConfigurationList = 8A4B04C22D8D9FFF0066AC43 /* Build configuration list for PBXProject "CelebProfiles" */;
			developmentRegion = en;
			hasScannedForEncodings = 0;
			knownRegions = (
				en,
				Base,
			);
			mainGroup = 8A4B04BE2D8D9FFF0066AC43;
			minimizedProjectReferenceProxies = 1;
			packageReferences = (
				8A91B0912D8DA6F7009365F6 /* XCRemoteSwiftPackageReference "firebase-ios-sdk" */,
			);
			preferredProjectObjectVersion = 77;
			productRefGroup = 8A4B04C82D8D9FFF0066AC43 /* Products */;
			projectDirPath = "";
			projectRoot = "";
			targets = (
				8A4B04C62D8D9FFF0066AC43 /* CelebProfiles */,
				8A4B04D72D8DA0000066AC43 /* CelebProfilesTests */,
				8A4B04E12D8DA0000066AC43 /* CelebProfilesUITests */,
			);
		};
/* End PBXProject section */

/* Begin PBXResourcesBuildPhase section */
		8A4B04C52D8D9FFF0066AC43 /* Resources */ = {
			isa = PBXResourcesBuildPhase;
			buildActionMask = 2147483647;
			files = (
			);
			runOnlyForDeploymentPostprocessing = 0;
		};
		8A4B04D62D8DA0000066AC43 /* Resources */ = {
			isa = PBXResourcesBuildPhase;
			buildActionMask = 2147483647;
			files = (
			);
			runOnlyForDeploymentPostprocessing = 0;
		};
		8A4B04E02D8DA0000066AC43 /* Resources */ = {
			isa = PBXResourcesBuildPhase;
			buildActionMask = 2147483647;
			files = (
			);
			runOnlyForDeploymentPostprocessing = 0;
		};
/* End PBXResourcesBuildPhase section */

/* Begin PBXSourcesBuildPhase section */
		8A4B04C32D8D9FFF0066AC43 /* Sources */ = {
			isa = PBXSourcesBuildPhase;
			buildActionMask = 2147483647;
			files = (
			);
			runOnlyForDeploymentPostprocessing = 0;
		};
		8A4B04D42D8DA0000066AC43 /* Sources */ = {
			isa = PBXSourcesBuildPhase;
			buildActionMask = 2147483647;
			files = (
			);
			runOnlyForDeploymentPostprocessing = 0;
		};
		8A4B04DE2D8DA0000066AC43 /* Sources */ = {
			isa = PBXSourcesBuildPhase;
			buildActionMask = 2147483647;
			files = (
			);
			runOnlyForDeploymentPostprocessing = 0;
		};
/* End PBXSourcesBuildPhase section */

/* Begin PBXTargetDependency section */
		8A4B04DA2D8DA0000066AC43 /* PBXTargetDependency */ = {
			isa = PBXTargetDependency;
			target = 8A4B04C62D8D9FFF0066AC43 /* CelebProfiles */;
			targetProxy = 8A4B04D92D8DA0000066AC43 /* PBXContainerItemProxy */;
		};
		8A4B04E42D8DA0000066AC43 /* PBXTargetDependency */ = {
			isa = PBXTargetDependency;
			target = 8A4B04C62D8D9FFF0066AC43 /* CelebProfiles */;
			targetProxy = 8A4B04E32D8DA0000066AC43 /* PBXContainerItemProxy */;
		};
/* End PBXTargetDependency section */

/* Begin XCBuildConfiguration section */
		8A4B04EA2D8DA0000066AC43 /* Debug */ = {
			isa = XCBuildConfiguration;
			buildSettings = {
				ALWAYS_SEARCH_USER_PATHS = NO;
				ASSETCATALOG_COMPILER_GENERATE_SWIFT_ASSET_SYMBOL_EXTENSIONS = YES;
				CLANG_ANALYZER_NONNULL = YES;
				CLANG_ANALYZER_NUMBER_OBJECT_CONVERSION = YES_AGGRESSIVE;
				CLANG_CXX_LANGUAGE_STANDARD = "gnu++20";
				CLANG_ENABLE_MODULES = YES;
				CLANG_ENABLE_OBJC_ARC = YES;
				CLANG_ENABLE_OBJC_WEAK = YES;
				CLANG_WARN_BLOCK_CAPTURE_AUTORELEASING = YES;
				CLANG_WARN_BOOL_CONVERSION = YES;
				CLANG_WARN_COMMA = YES;
				CLANG_WARN_CONSTANT_CONVERSION = YES;
				CLANG_WARN_DEPRECATED_OBJC_IMPLEMENTATIONS = YES;
				CLANG_WARN_DIRECT_OBJC_ISA_USAGE = YES_ERROR;
				CLANG_WARN_DOCUMENTATION_COMMENTS = YES;
				CLANG_WARN_EMPTY_BODY = YES;
				CLANG_WARN_ENUM_CONVERSION = YES;
				CLANG_WARN_INFINITE_RECURSION = YES;
				CLANG_WARN_INT_CONVERSION = YES;
				CLANG_WARN_NON_LITERAL_NULL_CONVERSION = YES;
				CLANG_WARN_OBJC_IMPLICIT_RETAIN_SELF = YES;
				CLANG_WARN_OBJC_LITERAL_CONVERSION = YES;
				CLANG_WARN_OBJC_ROOT_CLASS = YES_ERROR;
				CLANG_WARN_QUOTED_INCLUDE_IN_FRAMEWORK_HEADER = YES;
				CLANG_WARN_RANGE_LOOP_ANALYSIS = YES;
				CLANG_WARN_STRICT_PROTOTYPES = YES;
				CLANG_WARN_SUSPICIOUS_MOVE = YES;
				CLANG_WARN_UNGUARDED_AVAILABILITY = YES_AGGRESSIVE;
				CLANG_WARN_UNREACHABLE_CODE = YES;
				CLANG_WARN__DUPLICATE_METHOD_MATCH = YES;
				COPY_PHASE_STRIP = NO;
				DEBUG_INFORMATION_FORMAT = dwarf;
				ENABLE_STRICT_OBJC_MSGSEND = YES;
				ENABLE_TESTABILITY = YES;
				ENABLE_USER_SCRIPT_SANDBOXING = YES;
				GCC_C_LANGUAGE_STANDARD = gnu17;
				GCC_DYNAMIC_NO_PIC = NO;
				GCC_NO_COMMON_BLOCKS = YES;
				GCC_OPTIMIZATION_LEVEL = 0;
				GCC_PREPROCESSOR_DEFINITIONS = (
					"DEBUG=1",
					"$(inherited)",
				);
				GCC_WARN_64_TO_32_BIT_CONVERSION = YES;
				GCC_WARN_ABOUT_RETURN_TYPE = YES_ERROR;
				GCC_WARN_UNDECLARED_SELECTOR = YES;
				GCC_WARN_UNINITIALIZED_AUTOS = YES_AGGRESSIVE;
				GCC_WARN_UNUSED_FUNCTION = YES;
				GCC_WARN_UNUSED_VARIABLE = YES;
				LOCALIZATION_PREFERS_STRING_CATALOGS = YES;
				MTL_ENABLE_DEBUG_INFO = INCLUDE_SOURCE;
				MTL_FAST_MATH = YES;
				ONLY_ACTIVE_ARCH = YES;
				SWIFT_ACTIVE_COMPILATION_CONDITIONS = "DEBUG $(inherited)";
				SWIFT_OPTIMIZATION_LEVEL = "-Onone";
			};
			name = Debug;
		};
		8A4B04EB2D8DA0000066AC43 /* Release */ = {
			isa = XCBuildConfiguration;
			buildSettings = {
				ALWAYS_SEARCH_USER_PATHS = NO;
				ASSETCATALOG_COMPILER_GENERATE_SWIFT_ASSET_SYMBOL_EXTENSIONS = YES;
				CLANG_ANALYZER_NONNULL = YES;
				CLANG_ANALYZER_NUMBER_OBJECT_CONVERSION = YES_AGGRESSIVE;
				CLANG_CXX_LANGUAGE_STANDARD = "gnu++20";
				CLANG_ENABLE_MODULES = YES;
				CLANG_ENABLE_OBJC_ARC = YES;
				CLANG_ENABLE_OBJC_WEAK = YES;
				CLANG_WARN_BLOCK_CAPTURE_AUTORELEASING = YES;
				CLANG_WARN_BOOL_CONVERSION = YES;
				CLANG_WARN_COMMA = YES;
				CLANG_WARN_CONSTANT_CONVERSION = YES;
				CLANG_WARN_DEPRECATED_OBJC_IMPLEMENTATIONS = YES;
				CLANG_WARN_DIRECT_OBJC_ISA_USAGE = YES_ERROR;
				CLANG_WARN_DOCUMENTATION_COMMENTS = YES;
				CLANG_WARN_EMPTY_BODY = YES;
				CLANG_WARN_ENUM_CONVERSION = YES;
				CLANG_WARN_INFINITE_RECURSION = YES;
				CLANG_WARN_INT_CONVERSION = YES;
				CLANG_WARN_NON_LITERAL_NULL_CONVERSION = YES;
				CLANG_WARN_OBJC_IMPLICIT_RETAIN_SELF = YES;
				CLANG_WARN_OBJC_LITERAL_CONVERSION = YES;
				CLANG_WARN_OBJC_ROOT_CLASS = YES_ERROR;
				CLANG_WARN_QUOTED_INCLUDE_IN_FRAMEWORK_HEADER = YES;
				CLANG_WARN_RANGE_LOOP_ANALYSIS = YES;
				CLANG_WARN_STRICT_PROTOTYPES = YES;
				CLANG_WARN_SUSPICIOUS_MOVE = YES;
				CLANG_WARN_UNGUARDED_AVAILABILITY = YES_AGGRESSIVE;
				CLANG_WARN_UNREACHABLE_CODE = YES;
				CLANG_WARN__DUPLICATE_METHOD_MATCH = YES;
				COPY_PHASE_STRIP = NO;
				DEBUG_INFORMATION_FORMAT = "dwarf-with-dsym";
				ENABLE_NS_ASSERTIONS = NO;
				ENABLE_STRICT_OBJC_MSGSEND = YES;
				ENABLE_USER_SCRIPT_SANDBOXING = YES;
				GCC_C_LANGUAGE_STANDARD = gnu17;
				GCC_NO_COMMON_BLOCKS = YES;
				GCC_WARN_64_TO_32_BIT_CONVERSION = YES;
				GCC_WARN_ABOUT_RETURN_TYPE = YES_ERROR;
				GCC_WARN_UNDECLARED_SELECTOR = YES;
				GCC_WARN_UNINITIALIZED_AUTOS = YES_AGGRESSIVE;
				GCC_WARN_UNUSED_FUNCTION = YES;
				GCC_WARN_UNUSED_VARIABLE = YES;
				LOCALIZATION_PREFERS_STRING_CATALOGS = YES;
				MTL_ENABLE_DEBUG_INFO = NO;
				MTL_FAST_MATH = YES;
				SWIFT_COMPILATION_MODE = wholemodule;
			};
			name = Release;
		};
		8A4B04ED2D8DA0000066AC43 /* Debug */ = {
			isa = XCBuildConfiguration;
			buildSettings = {
				ASSETCATALOG_COMPILER_APPICON_NAME = AppIcon;
				ASSETCATALOG_COMPILER_GLOBAL_ACCENT_COLOR_NAME = AccentColor;
				CODE_SIGN_ENTITLEMENTS = CelebProfiles/CelebProfiles.entitlements;
				CODE_SIGN_STYLE = Automatic;
				CURRENT_PROJECT_VERSION = 1;
				DEVELOPMENT_ASSET_PATHS = "\"CelebProfiles/Preview Content\"";
				DEVELOPMENT_TEAM = D86WR2S2N5;
				ENABLE_HARDENED_RUNTIME = YES;
				ENABLE_PREVIEWS = YES;
				GENERATE_INFOPLIST_FILE = YES;
				INFOPLIST_KEY_CFBundleDisplayName = "2025 Celebs";
				INFOPLIST_KEY_LSApplicationCategoryType = "public.app-category.entertainment";
				"INFOPLIST_KEY_UIApplicationSceneManifest_Generation[sdk=iphoneos*]" = YES;
				"INFOPLIST_KEY_UIApplicationSceneManifest_Generation[sdk=iphonesimulator*]" = YES;
				"INFOPLIST_KEY_UIApplicationSupportsIndirectInputEvents[sdk=iphoneos*]" = YES;
				"INFOPLIST_KEY_UIApplicationSupportsIndirectInputEvents[sdk=iphonesimulator*]" = YES;
				"INFOPLIST_KEY_UILaunchScreen_Generation[sdk=iphoneos*]" = YES;
				"INFOPLIST_KEY_UILaunchScreen_Generation[sdk=iphonesimulator*]" = YES;
				"INFOPLIST_KEY_UIStatusBarStyle[sdk=iphoneos*]" = UIStatusBarStyleDefault;
				"INFOPLIST_KEY_UIStatusBarStyle[sdk=iphonesimulator*]" = UIStatusBarStyleDefault;
				INFOPLIST_KEY_UISupportedInterfaceOrientations_iPad = "UIInterfaceOrientationPortrait UIInterfaceOrientationPortraitUpsideDown UIInterfaceOrientationLandscapeLeft UIInterfaceOrientationLandscapeRight";
				INFOPLIST_KEY_UISupportedInterfaceOrientations_iPhone = "UIInterfaceOrientationPortrait UIInterfaceOrientationLandscapeLeft UIInterfaceOrientationLandscapeRight";
				IPHONEOS_DEPLOYMENT_TARGET = 18.2;
				LD_RUNPATH_SEARCH_PATHS = "@executable_path/Frameworks";
				"LD_RUNPATH_SEARCH_PATHS[sdk=macosx*]" = "@executable_path/../Frameworks";
				MACOSX_DEPLOYMENT_TARGET = 15.2;
				MARKETING_VERSION = 1.0;
				PRODUCT_BUNDLE_IDENTIFIER = com.CelebProfiles;
				PRODUCT_NAME = "$(TARGET_NAME)";
				SDKROOT = auto;
				SUPPORTED_PLATFORMS = "iphoneos iphonesimulator macosx xros xrsimulator";
				SWIFT_EMIT_LOC_STRINGS = YES;
				SWIFT_VERSION = 5.0;
				TARGETED_DEVICE_FAMILY = "1,2,7";
				XROS_DEPLOYMENT_TARGET = 2.2;
			};
			name = Debug;
		};
		8A4B04EE2D8DA0000066AC43 /* Release */ = {
			isa = XCBuildConfiguration;
			buildSettings = {
				ASSETCATALOG_COMPILER_APPICON_NAME = AppIcon;
				ASSETCATALOG_COMPILER_GLOBAL_ACCENT_COLOR_NAME = AccentColor;
				CODE_SIGN_ENTITLEMENTS = CelebProfiles/CelebProfiles.entitlements;
				CODE_SIGN_STYLE = Automatic;
				CURRENT_PROJECT_VERSION = 1;
				DEVELOPMENT_ASSET_PATHS = "\"CelebProfiles/Preview Content\"";
				DEVELOPMENT_TEAM = D86WR2S2N5;
				ENABLE_HARDENED_RUNTIME = YES;
				ENABLE_PREVIEWS = YES;
				GENERATE_INFOPLIST_FILE = YES;
				INFOPLIST_KEY_CFBundleDisplayName = "2025 Celebs";
				INFOPLIST_KEY_LSApplicationCategoryType = "public.app-category.entertainment";
				"INFOPLIST_KEY_UIApplicationSceneManifest_Generation[sdk=iphoneos*]" = YES;
				"INFOPLIST_KEY_UIApplicationSceneManifest_Generation[sdk=iphonesimulator*]" = YES;
				"INFOPLIST_KEY_UIApplicationSupportsIndirectInputEvents[sdk=iphoneos*]" = YES;
				"INFOPLIST_KEY_UIApplicationSupportsIndirectInputEvents[sdk=iphonesimulator*]" = YES;
				"INFOPLIST_KEY_UILaunchScreen_Generation[sdk=iphoneos*]" = YES;
				"INFOPLIST_KEY_UILaunchScreen_Generation[sdk=iphonesimulator*]" = YES;
				"INFOPLIST_KEY_UIStatusBarStyle[sdk=iphoneos*]" = UIStatusBarStyleDefault;
				"INFOPLIST_KEY_UIStatusBarStyle[sdk=iphonesimulator*]" = UIStatusBarStyleDefault;
				INFOPLIST_KEY_UISupportedInterfaceOrientations_iPad = "UIInterfaceOrientationPortrait UIInterfaceOrientationPortraitUpsideDown UIInterfaceOrientationLandscapeLeft UIInterfaceOrientationLandscapeRight";
				INFOPLIST_KEY_UISupportedInterfaceOrientations_iPhone = "UIInterfaceOrientationPortrait UIInterfaceOrientationLandscapeLeft UIInterfaceOrientationLandscapeRight";
				IPHONEOS_DEPLOYMENT_TARGET = 18.2;
				LD_RUNPATH_SEARCH_PATHS = "@executable_path/Frameworks";
				"LD_RUNPATH_SEARCH_PATHS[sdk=macosx*]" = "@executable_path/../Frameworks";
				MACOSX_DEPLOYMENT_TARGET = 15.2;
				MARKETING_VERSION = 1.0;
				PRODUCT_BUNDLE_IDENTIFIER = com.CelebProfiles;
				PRODUCT_NAME = "$(TARGET_NAME)";
				SDKROOT = auto;
				SUPPORTED_PLATFORMS = "iphoneos iphonesimulator macosx xros xrsimulator";
				SWIFT_EMIT_LOC_STRINGS = YES;
				SWIFT_VERSION = 5.0;
				TARGETED_DEVICE_FAMILY = "1,2,7";
				XROS_DEPLOYMENT_TARGET = 2.2;
			};
			name = Release;
		};
		8A4B04F02D8DA0000066AC43 /* Debug */ = {
			isa = XCBuildConfiguration;
			buildSettings = {
				BUNDLE_LOADER = "$(TEST_HOST)";
				CODE_SIGN_STYLE = Automatic;
				CURRENT_PROJECT_VERSION = 1;
				DEVELOPMENT_TEAM = D86WR2S2N5;
				GENERATE_INFOPLIST_FILE = YES;
				IPHONEOS_DEPLOYMENT_TARGET = 18.2;
				MACOSX_DEPLOYMENT_TARGET = 15.2;
				MARKETING_VERSION = 1.0;
				PRODUCT_BUNDLE_IDENTIFIER = com.CelebProfilesTests;
				PRODUCT_NAME = "$(TARGET_NAME)";
				SDKROOT = auto;
				SUPPORTED_PLATFORMS = "iphoneos iphonesimulator macosx xros xrsimulator";
				SWIFT_EMIT_LOC_STRINGS = NO;
				SWIFT_VERSION = 5.0;
				TARGETED_DEVICE_FAMILY = "1,2,7";
				TEST_HOST = "$(BUILT_PRODUCTS_DIR)/CelebProfiles.app/$(BUNDLE_EXECUTABLE_FOLDER_PATH)/CelebProfiles";
				XROS_DEPLOYMENT_TARGET = 2.2;
			};
			name = Debug;
		};
		8A4B04F12D8DA0000066AC43 /* Release */ = {
			isa = XCBuildConfiguration;
			buildSettings = {
				BUNDLE_LOADER = "$(TEST_HOST)";
				CODE_SIGN_STYLE = Automatic;
				CURRENT_PROJECT_VERSION = 1;
				DEVELOPMENT_TEAM = D86WR2S2N5;
				GENERATE_INFOPLIST_FILE = YES;
				IPHONEOS_DEPLOYMENT_TARGET = 18.2;
				MACOSX_DEPLOYMENT_TARGET = 15.2;
				MARKETING_VERSION = 1.0;
				PRODUCT_BUNDLE_IDENTIFIER = com.CelebProfilesTests;
				PRODUCT_NAME = "$(TARGET_NAME)";
				SDKROOT = auto;
				SUPPORTED_PLATFORMS = "iphoneos iphonesimulator macosx xros xrsimulator";
				SWIFT_EMIT_LOC_STRINGS = NO;
				SWIFT_VERSION = 5.0;
				TARGETED_DEVICE_FAMILY = "1,2,7";
				TEST_HOST = "$(BUILT_PRODUCTS_DIR)/CelebProfiles.app/$(BUNDLE_EXECUTABLE_FOLDER_PATH)/CelebProfiles";
				XROS_DEPLOYMENT_TARGET = 2.2;
			};
			name = Release;
		};
		8A4B04F32D8DA0000066AC43 /* Debug */ = {
			isa = XCBuildConfiguration;
			buildSettings = {
				CODE_SIGN_STYLE = Automatic;
				CURRENT_PROJECT_VERSION = 1;
				DEVELOPMENT_TEAM = D86WR2S2N5;
				GENERATE_INFOPLIST_FILE = YES;
				IPHONEOS_DEPLOYMENT_TARGET = 18.2;
				MACOSX_DEPLOYMENT_TARGET = 15.2;
				MARKETING_VERSION = 1.0;
				PRODUCT_BUNDLE_IDENTIFIER = com.CelebProfilesUITests;
				PRODUCT_NAME = "$(TARGET_NAME)";
				SDKROOT = auto;
				SUPPORTED_PLATFORMS = "iphoneos iphonesimulator macosx xros xrsimulator";
				SWIFT_EMIT_LOC_STRINGS = NO;
				SWIFT_VERSION = 5.0;
				TARGETED_DEVICE_FAMILY = "1,2,7";
				TEST_TARGET_NAME = CelebProfiles;
				XROS_DEPLOYMENT_TARGET = 2.2;
			};
			name = Debug;
		};
		8A4B04F42D8DA0000066AC43 /* Release */ = {
			isa = XCBuildConfiguration;
			buildSettings = {
				CODE_SIGN_STYLE = Automatic;
				CURRENT_PROJECT_VERSION = 1;
				DEVELOPMENT_TEAM = D86WR2S2N5;
				GENERATE_INFOPLIST_FILE = YES;
				IPHONEOS_DEPLOYMENT_TARGET = 18.2;
				MACOSX_DEPLOYMENT_TARGET = 15.2;
				MARKETING_VERSION = 1.0;
				PRODUCT_BUNDLE_IDENTIFIER = com.CelebProfilesUITests;
				PRODUCT_NAME = "$(TARGET_NAME)";
				SDKROOT = auto;
				SUPPORTED_PLATFORMS = "iphoneos iphonesimulator macosx xros xrsimulator";
				SWIFT_EMIT_LOC_STRINGS = NO;
				SWIFT_VERSION = 5.0;
				TARGETED_DEVICE_FAMILY = "1,2,7";
				TEST_TARGET_NAME = CelebProfiles;
				XROS_DEPLOYMENT_TARGET = 2.2;
			};
			name = Release;
		};
/* End XCBuildConfiguration section */

/* Begin XCConfigurationList section */
		8A4B04C22D8D9FFF0066AC43 /* Build configuration list for PBXProject "CelebProfiles" */ = {
			isa = XCConfigurationList;
			buildConfigurations = (
				8A4B04EA2D8DA0000066AC43 /* Debug */,
				8A4B04EB2D8DA0000066AC43 /* Release */,
			);
			defaultConfigurationIsVisible = 0;
			defaultConfigurationName = Release;
		};
		8A4B04EC2D8DA0000066AC43 /* Build configuration list for PBXNativeTarget "CelebProfiles" */ = {
			isa = XCConfigurationList;
			buildConfigurations = (
				8A4B04ED2D8DA0000066AC43 /* Debug */,
				8A4B04EE2D8DA0000066AC43 /* Release */,
			);
			defaultConfigurationIsVisible = 0;
			defaultConfigurationName = Release;
		};
		8A4B04EF2D8DA0000066AC43 /* Build configuration list for PBXNativeTarget "CelebProfilesTests" */ = {
			isa = XCConfigurationList;
			buildConfigurations = (
				8A4B04F02D8DA0000066AC43 /* Debug */,
				8A4B04F12D8DA0000066AC43 /* Release */,
			);
			defaultConfigurationIsVisible = 0;
			defaultConfigurationName = Release;
		};
		8A4B04F22D8DA0000066AC43 /* Build configuration list for PBXNativeTarget "CelebProfilesUITests" */ = {
			isa = XCConfigurationList;
			buildConfigurations = (
				8A4B04F32D8DA0000066AC43 /* Debug */,
				8A4B04F42D8DA0000066AC43 /* Release */,
			);
			defaultConfigurationIsVisible = 0;
			defaultConfigurationName = Release;
		};
/* End XCConfigurationList section */

/* Begin XCRemoteSwiftPackageReference section */
		8A91B0912D8DA6F7009365F6 /* XCRemoteSwiftPackageReference "firebase-ios-sdk" */ = {
			isa = XCRemoteSwiftPackageReference;
			repositoryURL = "https://github.com/firebase/firebase-ios-sdk";
			requirement = {
				kind = upToNextMajorVersion;
				minimumVersion = 11.10.0;
			};
		};
/* End XCRemoteSwiftPackageReference section */

/* Begin XCSwiftPackageProductDependency section */
		8A53315F2D8DAE3A0007C116 /* FirebaseAuth */ = {
			isa = XCSwiftPackageProductDependency;
			package = 8A91B0912D8DA6F7009365F6 /* XCRemoteSwiftPackageReference "firebase-ios-sdk" */;
			productName = FirebaseAuth;
		};
		8A5331612D8DAE3A0007C116 /* FirebaseFirestore */ = {
			isa = XCSwiftPackageProductDependency;
			package = 8A91B0912D8DA6F7009365F6 /* XCRemoteSwiftPackageReference "firebase-ios-sdk" */;
			productName = FirebaseFirestore;
		};
		8A5331632D8DAE3A0007C116 /* FirebaseStorage */ = {
			isa = XCSwiftPackageProductDependency;
			package = 8A91B0912D8DA6F7009365F6 /* XCRemoteSwiftPackageReference "firebase-ios-sdk" */;
			productName = FirebaseStorage;
		};
		8A91B0922D8DA6F7009365F6 /* FirebaseAnalytics */ = {
			isa = XCSwiftPackageProductDependency;
			package = 8A91B0912D8DA6F7009365F6 /* XCRemoteSwiftPackageReference "firebase-ios-sdk" */;
			productName = FirebaseAnalytics;
		};
/* End XCSwiftPackageProductDependency section */
	};
	rootObject = 8A4B04BF2D8D9FFF0066AC43 /* Project object */;
}
